{
  "name": "pickngo",
  "lockfileVersion": 2,
  "requires": true,
  "packages": {
    "": {
      "dependencies": {
        "@angular-material-components/datetime-picker": "^8.0.0"
      }
    },
    "node_modules/@angular-material-components/datetime-picker": {
      "version": "8.0.0",
      "resolved": "https://registry.npmjs.org/@angular-material-components/datetime-picker/-/datetime-picker-8.0.0.tgz",
      "integrity": "sha512-mpndWbRimp77omkfa9LlpY21FN8xOFH8NV4hSLOxWg7RpUa1gZXLtW6mTRuDQ9cpWO6m9qH/8ioHKtvY+Epckg==",
      "dependencies": {
        "tslib": "^2.3.0"
      },
      "peerDependencies": {
        "@angular/cdk": "^14.0.1",
        "@angular/common": "^14.0.1",
        "@angular/core": "^14.0.1",
        "@angular/forms": "^14.0.1",
        "@angular/material": "^14.0.1",
        "@angular/platform-browser": "^14.0.1"
      }
    },
    "node_modules/tslib": {
      "version": "2.4.1",
      "resolved": "https://registry.npmjs.org/tslib/-/tslib-2.4.1.tgz",
      "integrity": "sha512-tGyy4dAjRIEwI7BzsB0lynWgOpfqjUdq91XXAlIWD2OwKBH7oCl/GZG/HT4BOHrTlPMOASlMQ7veyTqpmRcrNA=="
    }
  },
  "dependencies": {
    "@angular-material-components/datetime-picker": {
      "version": "8.0.0",
      "resolved": "https://registry.npmjs.org/@angular-material-components/datetime-picker/-/datetime-picker-8.0.0.tgz",
      "integrity": "sha512-mpndWbRimp77omkfa9LlpY21FN8xOFH8NV4hSLOxWg7RpUa1gZXLtW6mTRuDQ9cpWO6m9qH/8ioHKtvY+Epckg==",
      "requires": {
        "tslib": "^2.3.0"
      }
    },
    "tslib": {
      "version": "2.4.1",
      "resolved": "https://registry.npmjs.org/tslib/-/tslib-2.4.1.tgz",
      "integrity": "sha512-tGyy4dAjRIEwI7BzsB0lynWgOpfqjUdq91XXAlIWD2OwKBH7oCl/GZG/HT4BOHrTlPMOASlMQ7veyTqpmRcrNA=="
    }
  }
}
