{
  "name": "pickngo",
  "lockfileVersion": 2,
  "requires": true,
  "packages": {
    "": {
      "dependencies": {
        "@angular-material-components/datetime-picker": "^8.0.0"
      }
    },
    "node_modules/@angular-material-components/datetime-picker": {
      "version": "8.0.0",
      "resolved": "https://registry.npmjs.org/@angular-material-components/datetime-picker/-/datetime-picker-8.0.0.tgz",
      "integrity": "sha512-mpndWbRimp77omkfa9LlpY21FN8xOFH8NV4hSLOxWg7RpUa1gZXLtW6mTRuDQ9cpWO6m9qH/8ioHKtvY+Epckg==",
      "dependencies": {
        "tslib": "^2.3.0"
      },
      "peerDependencies": {
        "@angular/cdk": "^14.0.1",
        "@angular/common": "^14.0.1",
        "@angular/core": "^14.0.1",
        "@angular/forms": "^14.0.1",
        "@angular/material": "^14.0.1",
        "@angular/platform-browser": "^14.0.1"
      }
    },
    "node_modules/@angular/animations": {
      "version": "14.2.11",
      "resolved": "https://registry.npmjs.org/@angular/animations/-/animations-14.2.11.tgz",
      "integrity": "sha512-HOw8xecbKfs7A5Ezjf+BfXKvvwU7X8I0US5Ey6bOuLvpA3QVOGSLw9BeutY5Q2mPWiRgnNNQW+FOd8Pe9gEkpQ==",
      "peer": true,
      "dependencies": {
        "tslib": "^2.3.0"
      },
      "engines": {
        "node": "^14.15.0 || >=16.10.0"
      },
      "peerDependencies": {
        "@angular/core": "14.2.11"
      }
    },
    "node_modules/@angular/cdk": {
      "version": "14.2.7",
      "resolved": "https://registry.npmjs.org/@angular/cdk/-/cdk-14.2.7.tgz",
      "integrity": "sha512-/tEsYaUbDSnfEmKVvAMramIptmhI67O+9STjOV0i+74XR2NospeK0fkbywIANu1n3w6AHGMotvRWJrjmbCElFg==",
      "peer": true,
      "dependencies": {
        "tslib": "^2.3.0"
      },
      "optionalDependencies": {
        "parse5": "^5.0.0"
      },
      "peerDependencies": {
        "@angular/common": "^14.0.0 || ^15.0.0",
        "@angular/core": "^14.0.0 || ^15.0.0",
        "rxjs": "^6.5.3 || ^7.4.0"
      }
    },
    "node_modules/@angular/common": {
      "version": "14.2.11",
      "resolved": "https://registry.npmjs.org/@angular/common/-/common-14.2.11.tgz",
      "integrity": "sha512-a5w7lz4SoUzCwSDnuUPnfbEYPA8ufFiXz44mOv48P4uIb78q3rZ/R/EyWD1O3yJPof0o8aPNKpKZzuRDv3Q8ow==",
      "peer": true,
      "dependencies": {
        "tslib": "^2.3.0"
      },
      "engines": {
        "node": "^14.15.0 || >=16.10.0"
      },
      "peerDependencies": {
        "@angular/core": "14.2.11",
        "rxjs": "^6.5.3 || ^7.4.0"
      }
    },
    "node_modules/@angular/core": {
      "version": "14.2.11",
      "resolved": "https://registry.npmjs.org/@angular/core/-/core-14.2.11.tgz",
      "integrity": "sha512-4uEIA6ESMLt2f/ivKuVBpME0IbuFHWmpweN4dwJt83DfJBiBfpqdrFYZHz/Kbkh9cGCiP7L4/eKPRWTlAHehhw==",
      "peer": true,
      "dependencies": {
        "tslib": "^2.3.0"
      },
      "engines": {
        "node": "^14.15.0 || >=16.10.0"
      },
      "peerDependencies": {
        "rxjs": "^6.5.3 || ^7.4.0",
        "zone.js": "~0.11.4 || ~0.12.0"
      }
    },
    "node_modules/@angular/forms": {
      "version": "14.2.11",
      "resolved": "https://registry.npmjs.org/@angular/forms/-/forms-14.2.11.tgz",
      "integrity": "sha512-sItoA3/I8j/pf3zhv8sR37M5dAYUJpezv8rw2fTT2Y+nZJFUpkFWqX2N4qpMlPY0MP9OX++8K8/d2j0Lfi3wJQ==",
      "peer": true,
      "dependencies": {
        "tslib": "^2.3.0"
      },
      "engines": {
        "node": "^14.15.0 || >=16.10.0"
      },
      "peerDependencies": {
        "@angular/common": "14.2.11",
        "@angular/core": "14.2.11",
        "@angular/platform-browser": "14.2.11",
        "rxjs": "^6.5.3 || ^7.4.0"
      }
    },
    "node_modules/@angular/material": {
      "version": "14.2.7",
      "resolved": "https://registry.npmjs.org/@angular/material/-/material-14.2.7.tgz",
      "integrity": "sha512-WXHh8pEStpgkXZJmYOg2cI8BSHkV82ET4XTJCNPdveumaCn1UYnaNzsXD13kw5z+zmy8CufhFEzdXTrv/yt7KQ==",
      "peer": true,
      "dependencies": {
        "tslib": "^2.3.0"
      },
      "peerDependencies": {
        "@angular/animations": "^14.0.0 || ^15.0.0",
        "@angular/cdk": "14.2.7",
        "@angular/common": "^14.0.0 || ^15.0.0",
        "@angular/core": "^14.0.0 || ^15.0.0",
        "@angular/forms": "^14.0.0 || ^15.0.0",
        "@angular/platform-browser": "^14.0.0 || ^15.0.0",
        "rxjs": "^6.5.3 || ^7.4.0"
      }
    },
    "node_modules/@angular/platform-browser": {
      "version": "14.2.11",
      "resolved": "https://registry.npmjs.org/@angular/platform-browser/-/platform-browser-14.2.11.tgz",
      "integrity": "sha512-lGi9pF0Kf/GGrVKcfxxfStM2eMSluDTmbcYuVAX28iBn5XEdfsonrkfy2cnxUMnQ7nioMAZBNGOJHbQPKz4jwg==",
      "peer": true,
      "dependencies": {
        "tslib": "^2.3.0"
      },
      "engines": {
        "node": "^14.15.0 || >=16.10.0"
      },
      "peerDependencies": {
        "@angular/animations": "14.2.11",
        "@angular/common": "14.2.11",
        "@angular/core": "14.2.11"
      },
      "peerDependenciesMeta": {
        "@angular/animations": {
          "optional": true
        }
      }
    },
    "node_modules/parse5": {
      "version": "5.1.1",
      "resolved": "https://registry.npmjs.org/parse5/-/parse5-5.1.1.tgz",
      "integrity": "sha512-ugq4DFI0Ptb+WWjAdOK16+u/nHfiIrcE+sh8kZMaM0WllQKLI9rOUq6c2b7cwPkXdzfQESqvoqK6ug7U/Yyzug==",
      "optional": true,
      "peer": true
    },
    "node_modules/rxjs": {
      "version": "7.5.7",
      "resolved": "https://registry.npmjs.org/rxjs/-/rxjs-7.5.7.tgz",
      "integrity": "sha512-z9MzKh/UcOqB3i20H6rtrlaE/CgjLOvheWK/9ILrbhROGTweAi1BaFsTT9FbwZi5Trr1qNRs+MXkhmR06awzQA==",
      "peer": true,
      "dependencies": {
        "tslib": "^2.1.0"
      }
    },
    "node_modules/tslib": {
      "version": "2.4.1",
      "resolved": "https://registry.npmjs.org/tslib/-/tslib-2.4.1.tgz",
      "integrity": "sha512-tGyy4dAjRIEwI7BzsB0lynWgOpfqjUdq91XXAlIWD2OwKBH7oCl/GZG/HT4BOHrTlPMOASlMQ7veyTqpmRcrNA=="
    },
    "node_modules/zone.js": {
      "version": "0.12.0",
      "resolved": "https://registry.npmjs.org/zone.js/-/zone.js-0.12.0.tgz",
      "integrity": "sha512-XtC+I5dXU14HrzidAKBNMqneIVUykLEAA1x+v4KVrd6AUPWlwYORF8KgsVqvgdHiKZ4BkxxjvYi/ksEixTPR0Q==",
      "peer": true,
      "dependencies": {
        "tslib": "^2.3.0"
      }
    }
  },
  "dependencies": {
    "@angular-material-components/datetime-picker": {
      "version": "8.0.0",
      "resolved": "https://registry.npmjs.org/@angular-material-components/datetime-picker/-/datetime-picker-8.0.0.tgz",
      "integrity": "sha512-mpndWbRimp77omkfa9LlpY21FN8xOFH8NV4hSLOxWg7RpUa1gZXLtW6mTRuDQ9cpWO6m9qH/8ioHKtvY+Epckg==",
      "requires": {
        "tslib": "^2.3.0"
      }
    },
    "@angular/animations": {
      "version": "14.2.11",
      "resolved": "https://registry.npmjs.org/@angular/animations/-/animations-14.2.11.tgz",
      "integrity": "sha512-HOw8xecbKfs7A5Ezjf+BfXKvvwU7X8I0US5Ey6bOuLvpA3QVOGSLw9BeutY5Q2mPWiRgnNNQW+FOd8Pe9gEkpQ==",
      "peer": true,
      "requires": {
        "tslib": "^2.3.0"
      }
    },
    "@angular/cdk": {
      "version": "14.2.7",
      "resolved": "https://registry.npmjs.org/@angular/cdk/-/cdk-14.2.7.tgz",
      "integrity": "sha512-/tEsYaUbDSnfEmKVvAMramIptmhI67O+9STjOV0i+74XR2NospeK0fkbywIANu1n3w6AHGMotvRWJrjmbCElFg==",
      "peer": true,
      "requires": {
        "parse5": "^5.0.0",
        "tslib": "^2.3.0"
      }
    },
    "@angular/common": {
      "version": "14.2.11",
      "resolved": "https://registry.npmjs.org/@angular/common/-/common-14.2.11.tgz",
      "integrity": "sha512-a5w7lz4SoUzCwSDnuUPnfbEYPA8ufFiXz44mOv48P4uIb78q3rZ/R/EyWD1O3yJPof0o8aPNKpKZzuRDv3Q8ow==",
      "peer": true,
      "requires": {
        "tslib": "^2.3.0"
      }
    },
    "@angular/core": {
      "version": "14.2.11",
      "resolved": "https://registry.npmjs.org/@angular/core/-/core-14.2.11.tgz",
      "integrity": "sha512-4uEIA6ESMLt2f/ivKuVBpME0IbuFHWmpweN4dwJt83DfJBiBfpqdrFYZHz/Kbkh9cGCiP7L4/eKPRWTlAHehhw==",
      "peer": true,
      "requires": {
        "tslib": "^2.3.0"
      }
    },
    "@angular/forms": {
      "version": "14.2.11",
      "resolved": "https://registry.npmjs.org/@angular/forms/-/forms-14.2.11.tgz",
      "integrity": "sha512-sItoA3/I8j/pf3zhv8sR37M5dAYUJpezv8rw2fTT2Y+nZJFUpkFWqX2N4qpMlPY0MP9OX++8K8/d2j0Lfi3wJQ==",
      "peer": true,
      "requires": {
        "tslib": "^2.3.0"
      }
    },
    "@angular/material": {
      "version": "14.2.7",
      "resolved": "https://registry.npmjs.org/@angular/material/-/material-14.2.7.tgz",
      "integrity": "sha512-WXHh8pEStpgkXZJmYOg2cI8BSHkV82ET4XTJCNPdveumaCn1UYnaNzsXD13kw5z+zmy8CufhFEzdXTrv/yt7KQ==",
      "peer": true,
      "requires": {
        "tslib": "^2.3.0"
      }
    },
    "@angular/platform-browser": {
      "version": "14.2.11",
      "resolved": "https://registry.npmjs.org/@angular/platform-browser/-/platform-browser-14.2.11.tgz",
      "integrity": "sha512-lGi9pF0Kf/GGrVKcfxxfStM2eMSluDTmbcYuVAX28iBn5XEdfsonrkfy2cnxUMnQ7nioMAZBNGOJHbQPKz4jwg==",
      "peer": true,
      "requires": {
        "tslib": "^2.3.0"
      }
    },
    "parse5": {
      "version": "5.1.1",
      "resolved": "https://registry.npmjs.org/parse5/-/parse5-5.1.1.tgz",
      "integrity": "sha512-ugq4DFI0Ptb+WWjAdOK16+u/nHfiIrcE+sh8kZMaM0WllQKLI9rOUq6c2b7cwPkXdzfQESqvoqK6ug7U/Yyzug==",
      "optional": true,
      "peer": true
    },
    "rxjs": {
      "version": "7.5.7",
      "resolved": "https://registry.npmjs.org/rxjs/-/rxjs-7.5.7.tgz",
      "integrity": "sha512-z9MzKh/UcOqB3i20H6rtrlaE/CgjLOvheWK/9ILrbhROGTweAi1BaFsTT9FbwZi5Trr1qNRs+MXkhmR06awzQA==",
      "peer": true,
      "requires": {
        "tslib": "^2.1.0"
      }
    },
    "tslib": {
      "version": "2.4.1",
      "resolved": "https://registry.npmjs.org/tslib/-/tslib-2.4.1.tgz",
      "integrity": "sha512-tGyy4dAjRIEwI7BzsB0lynWgOpfqjUdq91XXAlIWD2OwKBH7oCl/GZG/HT4BOHrTlPMOASlMQ7veyTqpmRcrNA=="
    },
    "zone.js": {
      "version": "0.12.0",
      "resolved": "https://registry.npmjs.org/zone.js/-/zone.js-0.12.0.tgz",
      "integrity": "sha512-XtC+I5dXU14HrzidAKBNMqneIVUykLEAA1x+v4KVrd6AUPWlwYORF8KgsVqvgdHiKZ4BkxxjvYi/ksEixTPR0Q==",
      "peer": true,
      "requires": {
        "tslib": "^2.3.0"
      }
    }
  }
}
